
Microsoft Visual Studio Solution File, Format Version 12.00
# Visual Studio 14
VisualStudioVersion = 14.0.25420.1
MinimumVisualStudioVersion = 10.0.40219.1
Project("{FAE04EC0-301F-11D3-BF4B-00C04F79EFBC}") = "TrackerLibrary", "TrackerLibrary\TrackerLibrary.csproj", "{D0EA2598-C4EC-4599-8D65-2C3E01E6959A}"
EndProject
Project("{FAE04EC0-301F-11D3-BF4B-00C04F79EFBC}") = "TrackerUI", "TrackerUI\TrackerUI.csproj", "{2546D51D-DC10-4BBB-A849-FEE5372616FC}"
EndProject
Global
	GlobalSection(SolutionConfigurationPlatforms) = preSolution
		Debug|Any CPU = Debug|Any CPU
		Release|Any CPU = Release|Any CPU
	EndGlobalSection
	GlobalSection(ProjectConfigurationPlatforms) = postSolution
		{D0EA2598-C4EC-4599-8D65-2C3E01E6959A}.Debug|Any CPU.ActiveCfg = Debug|Any CPU
		{D0EA2598-C4EC-4599-8D65-2C3E01E6959A}.Debug|Any CPU.Build.0 = Debug|Any CPU
		{D0EA2598-C4EC-4599-8D65-2C3E01E6959A}.Release|Any CPU.ActiveCfg = Release|Any CPU
		{D0EA2598-C4EC-4599-8D65-2C3E01E6959A}.Release|Any CPU.Build.0 = Release|Any CPU
		{2546D51D-DC10-4BBB-A849-FEE5372616FC}.Debug|Any CPU.ActiveCfg = Debug|Any CPU
		{2546D51D-DC10-4BBB-A849-FEE5372616FC}.Debug|Any CPU.Build.0 = Debug|Any CPU
		{2546D51D-DC10-4BBB-A849-FEE5372616FC}.Release|Any CPU.ActiveCfg = Release|Any CPU
		{2546D51D-DC10-4BBB-A849-FEE5372616FC}.Release|Any CPU.Build.0 = Release|Any CPU
	EndGlobalSection
	GlobalSection(SolutionProperties) = preSolution
		HideSolutionNode = FALSE
	EndGlobalSection
EndGlobal
